
Microsoft Visual Studio Solution File, Format Version 12.00
# Visual Studio Version 17
VisualStudioVersion = 17.14.36804.6 d17.14
MinimumVisualStudioVersion = 10.0.40219.1
Project("{FAE04EC0-301F-11D3-BF4B-00C04F79EFBC}") = "Lab2", "Lab2.csproj", "{CDCB4C57-BABF-4375-8F42-9ECC7FE24EE4}"
EndProject
Global
	GlobalSection(SolutionConfigurationPlatforms) = preSolution
		Debug|Any CPU = Debug|Any CPU
		Release|Any CPU = Release|Any CPU
	EndGlobalSection
	GlobalSection(ProjectConfigurationPlatforms) = postSolution
		{CDCB4C57-BABF-4375-8F42-9ECC7FE24EE4}.Debug|Any CPU.ActiveCfg = Debug|Any CPU
		{CDCB4C57-BABF-4375-8F42-9ECC7FE24EE4}.Debug|Any CPU.Build.0 = Debug|Any CPU
		{CDCB4C57-BABF-4375-8F42-9ECC7FE24EE4}.Release|Any CPU.ActiveCfg = Release|Any CPU
		{CDCB4C57-BABF-4375-8F42-9ECC7FE24EE4}.Release|Any CPU.Build.0 = Release|Any CPU
	EndGlobalSection
	GlobalSection(SolutionProperties) = preSolution
		HideSolutionNode = FALSE
	EndGlobalSection
	GlobalSection(ExtensibilityGlobals) = postSolution
		SolutionGuid = {A02DAC35-1C6F-40C0-B059-759A8F636E1A}
	EndGlobalSection
EndGlobal
