
Microsoft Visual Studio Solution File, Format Version 12.00
# Visual Studio Version 17
VisualStudioVersion = 17.14.36616.10 d17.14
MinimumVisualStudioVersion = 10.0.40219.1
Project("{FAE04EC0-301F-11D3-BF4B-00C04F79EFBC}") = "Tocaciu_NiculinaLarisa_Lab2", "Tocaciu_NiculinaLarisa_Lab2.csproj", "{12961F7F-7FCE-4F1B-8A0F-2ADDB22D416C}"
EndProject
Global
	GlobalSection(SolutionConfigurationPlatforms) = preSolution
		Debug|Any CPU = Debug|Any CPU
		Release|Any CPU = Release|Any CPU
	EndGlobalSection
	GlobalSection(ProjectConfigurationPlatforms) = postSolution
		{12961F7F-7FCE-4F1B-8A0F-2ADDB22D416C}.Debug|Any CPU.ActiveCfg = Debug|Any CPU
		{12961F7F-7FCE-4F1B-8A0F-2ADDB22D416C}.Debug|Any CPU.Build.0 = Debug|Any CPU
		{12961F7F-7FCE-4F1B-8A0F-2ADDB22D416C}.Release|Any CPU.ActiveCfg = Release|Any CPU
		{12961F7F-7FCE-4F1B-8A0F-2ADDB22D416C}.Release|Any CPU.Build.0 = Release|Any CPU
	EndGlobalSection
	GlobalSection(SolutionProperties) = preSolution
		HideSolutionNode = FALSE
	EndGlobalSection
	GlobalSection(ExtensibilityGlobals) = postSolution
		SolutionGuid = {54D87921-578C-4384-9407-B6BD660A82FA}
	EndGlobalSection
EndGlobal

